
Microsoft Visual Studio Solution File, Format Version 12.00
Project("{FAE04EC0-301F-11D3-BF4B-00C04F79EFBC}") = "ConsoleApp", "ConsoleApp\ConsoleApp.csproj", "{04A41D72-0370-42F6-89DF-7BA8E7C4CC41}"
EndProject
Global
	GlobalSection(SolutionConfigurationPlatforms) = preSolution
		Debug|Any CPU = Debug|Any CPU
		Release|Any CPU = Release|Any CPU
	EndGlobalSection
	GlobalSection(ProjectConfigurationPlatforms) = postSolution
		{04A41D72-0370-42F6-89DF-7BA8E7C4CC41}.Debug|Any CPU.ActiveCfg = Debug|Any CPU
		{04A41D72-0370-42F6-89DF-7BA8E7C4CC41}.Debug|Any CPU.Build.0 = Debug|Any CPU
		{04A41D72-0370-42F6-89DF-7BA8E7C4CC41}.Release|Any CPU.ActiveCfg = Release|Any CPU
		{04A41D72-0370-42F6-89DF-7BA8E7C4CC41}.Release|Any CPU.Build.0 = Release|Any CPU
	EndGlobalSection
EndGlobal
