
Microsoft Visual Studio Solution File, Format Version 12.00
# Visual Studio Version 17
VisualStudioVersion = 17.5.33502.453
MinimumVisualStudioVersion = 10.0.40219.1
Project("{9A19103F-16F7-4668-BE54-9A1E7A4F7556}") = "ConsoleApp", "ConsoleApp\ConsoleApp.csproj", "{04A41D72-0370-42F6-89DF-7BA8E7C4CC41}"
EndProject
Project("{9A19103F-16F7-4668-BE54-9A1E7A4F7556}") = "TestCase", "TestCase\TestCase.csproj", "{02A0B89C-63E0-443A-894A-3943E3293438}"
EndProject
Project("{FAE04EC0-301F-11D3-BF4B-00C04F79EFBC}") = "ConditionGroupTokenizer", "ConditionGroupTokenizer\ConditionGroupTokenizer.csproj", "{89438068-D30B-4333-A0E5-471293F44687}"
EndProject
Global
	GlobalSection(SolutionConfigurationPlatforms) = preSolution
		Debug|Any CPU = Debug|Any CPU
		Release|Any CPU = Release|Any CPU
	EndGlobalSection
	GlobalSection(ProjectConfigurationPlatforms) = postSolution
		{04A41D72-0370-42F6-89DF-7BA8E7C4CC41}.Debug|Any CPU.ActiveCfg = Debug|Any CPU
		{04A41D72-0370-42F6-89DF-7BA8E7C4CC41}.Debug|Any CPU.Build.0 = Debug|Any CPU
		{04A41D72-0370-42F6-89DF-7BA8E7C4CC41}.Release|Any CPU.ActiveCfg = Release|Any CPU
		{04A41D72-0370-42F6-89DF-7BA8E7C4CC41}.Release|Any CPU.Build.0 = Release|Any CPU
		{02A0B89C-63E0-443A-894A-3943E3293438}.Debug|Any CPU.ActiveCfg = Debug|Any CPU
		{02A0B89C-63E0-443A-894A-3943E3293438}.Debug|Any CPU.Build.0 = Debug|Any CPU
		{02A0B89C-63E0-443A-894A-3943E3293438}.Release|Any CPU.ActiveCfg = Release|Any CPU
		{02A0B89C-63E0-443A-894A-3943E3293438}.Release|Any CPU.Build.0 = Release|Any CPU
		{89438068-D30B-4333-A0E5-471293F44687}.Debug|Any CPU.ActiveCfg = Debug|Any CPU
		{89438068-D30B-4333-A0E5-471293F44687}.Debug|Any CPU.Build.0 = Debug|Any CPU
		{89438068-D30B-4333-A0E5-471293F44687}.Release|Any CPU.ActiveCfg = Release|Any CPU
		{89438068-D30B-4333-A0E5-471293F44687}.Release|Any CPU.Build.0 = Release|Any CPU
	EndGlobalSection
	GlobalSection(SolutionProperties) = preSolution
		HideSolutionNode = FALSE
	EndGlobalSection
EndGlobal
